
Microsoft Visual Studio Solution File, Format Version 12.00
# Visual Studio Version 17
VisualStudioVersion = 17.3.32825.248
MinimumVisualStudioVersion = 10.0.40219.1
Project("{FAE04EC0-301F-11D3-BF4B-00C04F79EFBC}") = "HackerRankProblems", "HackerRankProblems\HackerRankProblems.csproj", "{C83AE45D-DBE8-47EE-BB73-A5FD4AA49B94}"
EndProject
Global
	GlobalSection(SolutionConfigurationPlatforms) = preSolution
		Debug|Any CPU = Debug|Any CPU
		Release|Any CPU = Release|Any CPU
	EndGlobalSection
	GlobalSection(ProjectConfigurationPlatforms) = postSolution
		{C83AE45D-DBE8-47EE-BB73-A5FD4AA49B94}.Debug|Any CPU.ActiveCfg = Debug|Any CPU
		{C83AE45D-DBE8-47EE-BB73-A5FD4AA49B94}.Debug|Any CPU.Build.0 = Debug|Any CPU
		{C83AE45D-DBE8-47EE-BB73-A5FD4AA49B94}.Release|Any CPU.ActiveCfg = Release|Any CPU
		{C83AE45D-DBE8-47EE-BB73-A5FD4AA49B94}.Release|Any CPU.Build.0 = Release|Any CPU
	EndGlobalSection
	GlobalSection(SolutionProperties) = preSolution
		HideSolutionNode = FALSE
	EndGlobalSection
	GlobalSection(ExtensibilityGlobals) = postSolution
		SolutionGuid = {7E5F340C-E0B1-4FE3-8DAF-2B0BE2F58D39}
	EndGlobalSection
EndGlobal
